
Microsoft Visual Studio Solution File, Format Version 12.00
# Visual Studio Version 16
VisualStudioVersion = 16.0.29424.173
MinimumVisualStudioVersion = 10.0.40219.1
Project("{FAE04EC0-301F-11D3-BF4B-00C04F79EFBC}") = "B4.EE.VanLookManu.UWP", "B4.EE.VanLookManu\B4.EE.VanLookManu.UWP\B4.EE.VanLookManu.UWP.csproj", "{62D2B07A-2CC6-4ADC-BDB9-583A1AA2C61D}"
EndProject
Project("{FAE04EC0-301F-11D3-BF4B-00C04F79EFBC}") = "B4.EE.VanLookManu.Android", "B4.EE.VanLookManu\B4.EE.VanLookManu.Android\B4.EE.VanLookManu.Android.csproj", "{858C698A-ED9E-4965-9FF2-9518C8D24627}"
EndProject
Project("{9A19103F-16F7-4668-BE54-9A1E7A4F7556}") = "B4.EE.VanLookManu", "B4.EE.VanLookManu\B4.EE.VanLookManu\B4.EE.VanLookManu.csproj", "{4AE27A84-33F8-4335-9835-9A16EF5912B1}"
EndProject
Project("{FAE04EC0-301F-11D3-BF4B-00C04F79EFBC}") = "EEUnitTest", "EEUnitTest\EEUnitTest.csproj", "{3D81638F-7BCC-4C46-BF0B-FDD34E9D72D6}"
EndProject
Global
	GlobalSection(SolutionConfigurationPlatforms) = preSolution
		Debug|Any CPU = Debug|Any CPU
		Debug|ARM = Debug|ARM
		Debug|x64 = Debug|x64
		Debug|x86 = Debug|x86
		Release|Any CPU = Release|Any CPU
		Release|ARM = Release|ARM
		Release|x64 = Release|x64
		Release|x86 = Release|x86
	EndGlobalSection
	GlobalSection(ProjectConfigurationPlatforms) = postSolution
		{62D2B07A-2CC6-4ADC-BDB9-583A1AA2C61D}.Debug|Any CPU.ActiveCfg = Debug|x86
		{62D2B07A-2CC6-4ADC-BDB9-583A1AA2C61D}.Debug|Any CPU.Build.0 = Debug|x86
		{62D2B07A-2CC6-4ADC-BDB9-583A1AA2C61D}.Debug|Any CPU.Deploy.0 = Debug|x86
		{62D2B07A-2CC6-4ADC-BDB9-583A1AA2C61D}.Debug|ARM.ActiveCfg = Debug|ARM
		{62D2B07A-2CC6-4ADC-BDB9-583A1AA2C61D}.Debug|ARM.Build.0 = Debug|ARM
		{62D2B07A-2CC6-4ADC-BDB9-583A1AA2C61D}.Debug|ARM.Deploy.0 = Debug|ARM
		{62D2B07A-2CC6-4ADC-BDB9-583A1AA2C61D}.Debug|x64.ActiveCfg = Debug|x64
		{62D2B07A-2CC6-4ADC-BDB9-583A1AA2C61D}.Debug|x64.Build.0 = Debug|x64
		{62D2B07A-2CC6-4ADC-BDB9-583A1AA2C61D}.Debug|x64.Deploy.0 = Debug|x64
		{62D2B07A-2CC6-4ADC-BDB9-583A1AA2C61D}.Debug|x86.ActiveCfg = Debug|x86
		{62D2B07A-2CC6-4ADC-BDB9-583A1AA2C61D}.Debug|x86.Build.0 = Debug|x86
		{62D2B07A-2CC6-4ADC-BDB9-583A1AA2C61D}.Debug|x86.Deploy.0 = Debug|x86
		{62D2B07A-2CC6-4ADC-BDB9-583A1AA2C61D}.Release|Any CPU.ActiveCfg = Release|x86
		{62D2B07A-2CC6-4ADC-BDB9-583A1AA2C61D}.Release|Any CPU.Build.0 = Release|x86
		{62D2B07A-2CC6-4ADC-BDB9-583A1AA2C61D}.Release|Any CPU.Deploy.0 = Release|x86
		{62D2B07A-2CC6-4ADC-BDB9-583A1AA2C61D}.Release|ARM.ActiveCfg = Release|ARM
		{62D2B07A-2CC6-4ADC-BDB9-583A1AA2C61D}.Release|ARM.Build.0 = Release|ARM
		{62D2B07A-2CC6-4ADC-BDB9-583A1AA2C61D}.Release|ARM.Deploy.0 = Release|ARM
		{62D2B07A-2CC6-4ADC-BDB9-583A1AA2C61D}.Release|x64.ActiveCfg = Release|x64
		{62D2B07A-2CC6-4ADC-BDB9-583A1AA2C61D}.Release|x64.Build.0 = Release|x64
		{62D2B07A-2CC6-4ADC-BDB9-583A1AA2C61D}.Release|x64.Deploy.0 = Release|x64
		{62D2B07A-2CC6-4ADC-BDB9-583A1AA2C61D}.Release|x86.ActiveCfg = Release|x86
		{62D2B07A-2CC6-4ADC-BDB9-583A1AA2C61D}.Release|x86.Build.0 = Release|x86
		{62D2B07A-2CC6-4ADC-BDB9-583A1AA2C61D}.Release|x86.Deploy.0 = Release|x86
		{858C698A-ED9E-4965-9FF2-9518C8D24627}.Debug|Any CPU.ActiveCfg = Debug|Any CPU
		{858C698A-ED9E-4965-9FF2-9518C8D24627}.Debug|Any CPU.Build.0 = Debug|Any CPU
		{858C698A-ED9E-4965-9FF2-9518C8D24627}.Debug|Any CPU.Deploy.0 = Debug|Any CPU
		{858C698A-ED9E-4965-9FF2-9518C8D24627}.Debug|ARM.ActiveCfg = Debug|Any CPU
		{858C698A-ED9E-4965-9FF2-9518C8D24627}.Debug|ARM.Build.0 = Debug|Any CPU
		{858C698A-ED9E-4965-9FF2-9518C8D24627}.Debug|ARM.Deploy.0 = Debug|Any CPU
		{858C698A-ED9E-4965-9FF2-9518C8D24627}.Debug|x64.ActiveCfg = Debug|Any CPU
		{858C698A-ED9E-4965-9FF2-9518C8D24627}.Debug|x64.Build.0 = Debug|Any CPU
		{858C698A-ED9E-4965-9FF2-9518C8D24627}.Debug|x64.Deploy.0 = Debug|Any CPU
		{858C698A-ED9E-4965-9FF2-9518C8D24627}.Debug|x86.ActiveCfg = Debug|Any CPU
		{858C698A-ED9E-4965-9FF2-9518C8D24627}.Debug|x86.Build.0 = Debug|Any CPU
		{858C698A-ED9E-4965-9FF2-9518C8D24627}.Debug|x86.Deploy.0 = Debug|Any CPU
		{858C698A-ED9E-4965-9FF2-9518C8D24627}.Release|Any CPU.ActiveCfg = Release|Any CPU
		{858C698A-ED9E-4965-9FF2-9518C8D24627}.Release|Any CPU.Build.0 = Release|Any CPU
		{858C698A-ED9E-4965-9FF2-9518C8D24627}.Release|Any CPU.Deploy.0 = Release|Any CPU
		{858C698A-ED9E-4965-9FF2-9518C8D24627}.Release|ARM.ActiveCfg = Release|Any CPU
		{858C698A-ED9E-4965-9FF2-9518C8D24627}.Release|ARM.Build.0 = Release|Any CPU
		{858C698A-ED9E-4965-9FF2-9518C8D24627}.Release|ARM.Deploy.0 = Release|Any CPU
		{858C698A-ED9E-4965-9FF2-9518C8D24627}.Release|x64.ActiveCfg = Release|Any CPU
		{858C698A-ED9E-4965-9FF2-9518C8D24627}.Release|x64.Build.0 = Release|Any CPU
		{858C698A-ED9E-4965-9FF2-9518C8D24627}.Release|x64.Deploy.0 = Release|Any CPU
		{858C698A-ED9E-4965-9FF2-9518C8D24627}.Release|x86.ActiveCfg = Release|Any CPU
		{858C698A-ED9E-4965-9FF2-9518C8D24627}.Release|x86.Build.0 = Release|Any CPU
		{858C698A-ED9E-4965-9FF2-9518C8D24627}.Release|x86.Deploy.0 = Release|Any CPU
		{4AE27A84-33F8-4335-9835-9A16EF5912B1}.Debug|Any CPU.ActiveCfg = Debug|Any CPU
		{4AE27A84-33F8-4335-9835-9A16EF5912B1}.Debug|Any CPU.Build.0 = Debug|Any CPU
		{4AE27A84-33F8-4335-9835-9A16EF5912B1}.Debug|Any CPU.Deploy.0 = Debug|Any CPU
		{4AE27A84-33F8-4335-9835-9A16EF5912B1}.Debug|ARM.ActiveCfg = Debug|Any CPU
		{4AE27A84-33F8-4335-9835-9A16EF5912B1}.Debug|ARM.Build.0 = Debug|Any CPU
		{4AE27A84-33F8-4335-9835-9A16EF5912B1}.Debug|ARM.Deploy.0 = Debug|Any CPU
		{4AE27A84-33F8-4335-9835-9A16EF5912B1}.Debug|x64.ActiveCfg = Debug|Any CPU
		{4AE27A84-33F8-4335-9835-9A16EF5912B1}.Debug|x64.Build.0 = Debug|Any CPU
		{4AE27A84-33F8-4335-9835-9A16EF5912B1}.Debug|x64.Deploy.0 = Debug|Any CPU
		{4AE27A84-33F8-4335-9835-9A16EF5912B1}.Debug|x86.ActiveCfg = Debug|Any CPU
		{4AE27A84-33F8-4335-9835-9A16EF5912B1}.Debug|x86.Build.0 = Debug|Any CPU
		{4AE27A84-33F8-4335-9835-9A16EF5912B1}.Debug|x86.Deploy.0 = Debug|Any CPU
		{4AE27A84-33F8-4335-9835-9A16EF5912B1}.Release|Any CPU.ActiveCfg = Release|Any CPU
		{4AE27A84-33F8-4335-9835-9A16EF5912B1}.Release|Any CPU.Build.0 = Release|Any CPU
		{4AE27A84-33F8-4335-9835-9A16EF5912B1}.Release|Any CPU.Deploy.0 = Release|Any CPU
		{4AE27A84-33F8-4335-9835-9A16EF5912B1}.Release|ARM.ActiveCfg = Release|Any CPU
		{4AE27A84-33F8-4335-9835-9A16EF5912B1}.Release|ARM.Build.0 = Release|Any CPU
		{4AE27A84-33F8-4335-9835-9A16EF5912B1}.Release|ARM.Deploy.0 = Release|Any CPU
		{4AE27A84-33F8-4335-9835-9A16EF5912B1}.Release|x64.ActiveCfg = Release|Any CPU
		{4AE27A84-33F8-4335-9835-9A16EF5912B1}.Release|x64.Build.0 = Release|Any CPU
		{4AE27A84-33F8-4335-9835-9A16EF5912B1}.Release|x64.Deploy.0 = Release|Any CPU
		{4AE27A84-33F8-4335-9835-9A16EF5912B1}.Release|x86.ActiveCfg = Release|Any CPU
		{4AE27A84-33F8-4335-9835-9A16EF5912B1}.Release|x86.Build.0 = Release|Any CPU
		{4AE27A84-33F8-4335-9835-9A16EF5912B1}.Release|x86.Deploy.0 = Release|Any CPU
		{3D81638F-7BCC-4C46-BF0B-FDD34E9D72D6}.Debug|Any CPU.ActiveCfg = Debug|Any CPU
		{3D81638F-7BCC-4C46-BF0B-FDD34E9D72D6}.Debug|Any CPU.Build.0 = Debug|Any CPU
		{3D81638F-7BCC-4C46-BF0B-FDD34E9D72D6}.Debug|ARM.ActiveCfg = Debug|Any CPU
		{3D81638F-7BCC-4C46-BF0B-FDD34E9D72D6}.Debug|ARM.Build.0 = Debug|Any CPU
		{3D81638F-7BCC-4C46-BF0B-FDD34E9D72D6}.Debug|x64.ActiveCfg = Debug|Any CPU
		{3D81638F-7BCC-4C46-BF0B-FDD34E9D72D6}.Debug|x64.Build.0 = Debug|Any CPU
		{3D81638F-7BCC-4C46-BF0B-FDD34E9D72D6}.Debug|x86.ActiveCfg = Debug|Any CPU
		{3D81638F-7BCC-4C46-BF0B-FDD34E9D72D6}.Debug|x86.Build.0 = Debug|Any CPU
		{3D81638F-7BCC-4C46-BF0B-FDD34E9D72D6}.Release|Any CPU.ActiveCfg = Release|Any CPU
		{3D81638F-7BCC-4C46-BF0B-FDD34E9D72D6}.Release|Any CPU.Build.0 = Release|Any CPU
		{3D81638F-7BCC-4C46-BF0B-FDD34E9D72D6}.Release|ARM.ActiveCfg = Release|Any CPU
		{3D81638F-7BCC-4C46-BF0B-FDD34E9D72D6}.Release|ARM.Build.0 = Release|Any CPU
		{3D81638F-7BCC-4C46-BF0B-FDD34E9D72D6}.Release|x64.ActiveCfg = Release|Any CPU
		{3D81638F-7BCC-4C46-BF0B-FDD34E9D72D6}.Release|x64.Build.0 = Release|Any CPU
		{3D81638F-7BCC-4C46-BF0B-FDD34E9D72D6}.Release|x86.ActiveCfg = Release|Any CPU
		{3D81638F-7BCC-4C46-BF0B-FDD34E9D72D6}.Release|x86.Build.0 = Release|Any CPU
	EndGlobalSection
	GlobalSection(SolutionProperties) = preSolution
		HideSolutionNode = FALSE
	EndGlobalSection
	GlobalSection(ExtensibilityGlobals) = postSolution
		SolutionGuid = {8C7F2BB8-5371-4B41-A401-1FC8216A5422}
	EndGlobalSection
EndGlobal
